{
  "lockfileVersion": 1,
  "workspaces": {
    "": {
      "name": "@psd-eoc/sms-registration-ops",
      "dependencies": {
        "@aws-sdk/client-pinpoint-sms-voice-v2": "3.883.0",
        "@aws-sdk/client-sts": "3.883.0",
      },
      "devDependencies": {
        "@types/bun": "1.2.23",
        "prettier": "3.6.2",
        "typescript": "5.9.2",
      },
    },
  },
  "packages": {
    "@aws-crypto/sha256-browser": ["@aws-crypto/sha256-browser@5.2.0", "", { "dependencies": { "@aws-crypto/sha256-js": "^5.2.0", "@aws-crypto/supports-web-crypto": "^5.2.0", "@aws-crypto/util": "^5.2.0", "@aws-sdk/types": "^3.222.0", "@aws-sdk/util-locate-window": "^3.0.0", "@smithy/util-utf8": "^2.0.0", "tslib": "^2.6.2" } }, "sha512-AXfN/lGotSQwu6HNcEsIASo7kWXZ5HYWvfOmSNKDsEqC4OashTp8alTmaz+F7TC2L083SFv5RdB+qU3Vs1kZqw=="],

    "@aws-crypto/sha256-js": ["@aws-crypto/sha256-js@5.2.0", "", { "dependencies": { "@aws-crypto/util": "^5.2.0", "@aws-sdk/types": "^3.222.0", "tslib": "^2.6.2" } }, "sha512-FFQQyu7edu4ufvIZ+OadFpHHOt+eSTBaYaki44c+akjg7qZg9oOQeLlk77F6tSYqjDAFClrHJk9tMf0HdVyOvA=="],

    "@aws-crypto/supports-web-crypto": ["@aws-crypto/supports-web-crypto@5.2.0", "", { "dependencies": { "tslib": "^2.6.2" } }, "sha512-iAvUotm021kM33eCdNfwIN//F77/IADDSs58i+MDaOqFrVjZo9bAal0NK7HurRuWLLpF1iLX7gbWrjHjeo+YFg=="],

    "@aws-crypto/util": ["@aws-crypto/util@5.2.0", "", { "dependencies": { "@aws-sdk/types": "^3.222.0", "@smithy/util-utf8": "^2.0.0", "tslib": "^2.6.2" } }, "sha512-4RkU9EsI6ZpBve5fseQlGNUWKMa1RLPQ1dnjnQoe07ldfIzcsGb5hC5W0Dm7u423KWzawlrpbjXBrXCEv9zazQ=="],

    "@aws-sdk/client-pinpoint-sms-voice-v2": ["@aws-sdk/client-pinpoint-sms-voice-v2@3.883.0", "", { "dependencies": { "@aws-crypto/sha256-browser": "5.2.0", "@aws-crypto/sha256-js": "5.2.0", "@aws-sdk/core": "3.883.0", "@aws-sdk/credential-provider-node": "3.883.0", "@aws-sdk/middleware-host-header": "3.873.0", "@aws-sdk/middleware-logger": "3.876.0", "@aws-sdk/middleware-recursion-detection": "3.873.0", "@aws-sdk/middleware-user-agent": "3.883.0", "@aws-sdk/region-config-resolver": "3.873.0", "@aws-sdk/types": "3.862.0", "@aws-sdk/util-endpoints": "3.879.0", "@aws-sdk/util-user-agent-browser": "3.873.0", "@aws-sdk/util-user-agent-node": "3.883.0", "@smithy/config-resolver": "^4.1.5", "@smithy/core": "^3.9.2", "@smithy/fetch-http-handler": "^5.1.1", "@smithy/hash-node": "^4.0.5", "@smithy/invalid-dependency": "^4.0.5", "@smithy/middleware-content-length": "^4.0.5", "@smithy/middleware-endpoint": "^4.1.21", "@smithy/middleware-retry": "^4.1.22", "@smithy/middleware-serde": "^4.0.9", "@smithy/middleware-stack": "^4.0.5", "@smithy/node-config-provider": "^4.1.4", "@smithy/node-http-handler": "^4.1.1", "@smithy/protocol-http": "^5.1.3", "@smithy/smithy-client": "^4.5.2", "@smithy/types": "^4.3.2", "@smithy/url-parser": "^4.0.5", "@smithy/util-base64": "^4.0.0", "@smithy/util-body-length-browser": "^4.0.0", "@smithy/util-body-length-node": "^4.0.0", "@smithy/util-defaults-mode-browser": "^4.0.29", "@smithy/util-defaults-mode-node": "^4.0.29", "@smithy/util-endpoints": "^3.0.7", "@smithy/util-middleware": "^4.0.5", "@smithy/util-retry": "^4.0.7", "@smithy/util-utf8": "^4.0.0", "@types/uuid": "^9.0.1", "tslib": "^2.6.2", "uuid": "^9.0.1" } }, "sha512-OuW/XImRD/7saaxKLw8ITxsoW1fZ0TI7H+VJ9bvBfynaXsXx6eTccLK5gIYkDxE/fyHZmgk7nldwuog9moLVDw=="],

    "@aws-sdk/client-sso": ["@aws-sdk/client-sso@3.883.0", "", { "dependencies": { "@aws-crypto/sha256-browser": "5.2.0", "@aws-crypto/sha256-js": "5.2.0", "@aws-sdk/core": "3.883.0", "@aws-sdk/middleware-host-header": "3.873.0", "@aws-sdk/middleware-logger": "3.876.0", "@aws-sdk/middleware-recursion-detection": "3.873.0", "@aws-sdk/middleware-user-agent": "3.883.0", "@aws-sdk/region-config-resolver": "3.873.0", "@aws-sdk/types": "3.862.0", "@aws-sdk/util-endpoints": "3.879.0", "@aws-sdk/util-user-agent-browser": "3.873.0", "@aws-sdk/util-user-agent-node": "3.883.0", "@smithy/config-resolver": "^4.1.5", "@smithy/core": "^3.9.2", "@smithy/fetch-http-handler": "^5.1.1", "@smithy/hash-node": "^4.0.5", "@smithy/invalid-dependency": "^4.0.5", "@smithy/middleware-content-length": "^4.0.5", "@smithy/middleware-endpoint": "^4.1.21", "@smithy/middleware-retry": "^4.1.22", "@smithy/middleware-serde": "^4.0.9", "@smithy/middleware-stack": "^4.0.5", "@smithy/node-config-provider": "^4.1.4", "@smithy/node-http-handler": "^4.1.1", "@smithy/protocol-http": "^5.1.3", "@smithy/smithy-client": "^4.5.2", "@smithy/types": "^4.3.2", "@smithy/url-parser": "^4.0.5", "@smithy/util-base64": "^4.0.0", "@smithy/util-body-length-browser": "^4.0.0", "@smithy/util-body-length-node": "^4.0.0", "@smithy/util-defaults-mode-browser": "^4.0.29", "@smithy/util-defaults-mode-node": "^4.0.29", "@smithy/util-endpoints": "^3.0.7", "@smithy/util-middleware": "^4.0.5", "@smithy/util-retry": "^4.0.7", "@smithy/util-utf8": "^4.0.0", "tslib": "^2.6.2" } }, "sha512-Ybjw76yPceEBO7+VLjy5+/Gr0A1UNymSDHda5w8tfsS2iHZt/vuD6wrYpHdLoUx4H5la8ZhwcSfK/+kmE+QLPw=="],

    "@aws-sdk/client-sts": ["@aws-sdk/client-sts@3.883.0", "", { "dependencies": { "@aws-crypto/sha256-browser": "5.2.0", "@aws-crypto/sha256-js": "5.2.0", "@aws-sdk/core": "3.883.0", "@aws-sdk/credential-provider-node": "3.883.0", "@aws-sdk/middleware-host-header": "3.873.0", "@aws-sdk/middleware-logger": "3.876.0", "@aws-sdk/middleware-recursion-detection": "3.873.0", "@aws-sdk/middleware-user-agent": "3.883.0", "@aws-sdk/region-config-resolver": "3.873.0", "@aws-sdk/types": "3.862.0", "@aws-sdk/util-endpoints": "3.879.0", "@aws-sdk/util-user-agent-browser": "3.873.0", "@aws-sdk/util-user-agent-node": "3.883.0", "@smithy/config-resolver": "^4.1.5", "@smithy/core": "^3.9.2", "@smithy/fetch-http-handler": "^5.1.1", "@smithy/hash-node": "^4.0.5", "@smithy/invalid-dependency": "^4.0.5", "@smithy/middleware-content-length": "^4.0.5", "@smithy/middleware-endpoint": "^4.1.21", "@smithy/middleware-retry": "^4.1.22", "@smithy/middleware-serde": "^4.0.9", "@smithy/middleware-stack": "^4.0.5", "@smithy/node-config-provider": "^4.1.4", "@smithy/node-http-handler": "^4.1.1", "@smithy/protocol-http": "^5.1.3", "@smithy/smithy-client": "^4.5.2", "@smithy/types": "^4.3.2", "@smithy/url-parser": "^4.0.5", "@smithy/util-base64": "^4.0.0", "@smithy/util-body-length-browser": "^4.0.0", "@smithy/util-body-length-node": "^4.0.0", "@smithy/util-defaults-mode-browser": "^4.0.29", "@smithy/util-defaults-mode-node": "^4.0.29", "@smithy/util-endpoints": "^3.0.7", "@smithy/util-middleware": "^4.0.5", "@smithy/util-retry": "^4.0.7", "@smithy/util-utf8": "^4.0.0", "tslib": "^2.6.2" } }, "sha512-S3j+lkUPmgGq8fOHMFXXQI/P51Pf7Q6eA6vbJW5hztkgw+OMNcAuOiUJ2p9sTWA1XaAIkcqOPfx80xgDP939lg=="],

    "@aws-sdk/core": ["@aws-sdk/core@3.883.0", "", { "dependencies": { "@aws-sdk/types": "3.862.0", "@aws-sdk/xml-builder": "3.873.0", "@smithy/core": "^3.9.2", "@smithy/node-config-provider": "^4.1.4", "@smithy/property-provider": "^4.0.5", "@smithy/protocol-http": "^5.1.3", "@smithy/signature-v4": "^5.1.3", "@smithy/smithy-client": "^4.5.2", "@smithy/types": "^4.3.2", "@smithy/util-base64": "^4.0.0", "@smithy/util-body-length-browser": "^4.0.0", "@smithy/util-middleware": "^4.0.5", "@smithy/util-utf8": "^4.0.0", "fast-xml-parser": "5.2.5", "tslib": "^2.6.2" } }, "sha512-FmkqnqBLkXi4YsBPbF6vzPa0m4XKUuvgKDbamfw4DZX2CzfBZH6UU4IwmjNV3ZM38m0xraHarK8KIbGSadN3wg=="],

    "@aws-sdk/credential-provider-env": ["@aws-sdk/credential-provider-env@3.883.0", "", { "dependencies": { "@aws-sdk/core": "3.883.0", "@aws-sdk/types": "3.862.0", "@smithy/property-provider": "^4.0.5", "@smithy/types": "^4.3.2", "tslib": "^2.6.2" } }, "sha512-Z6tPBXPCodfhIF1rvQKoeRGMkwL6TK0xdl1UoMIA1x4AfBpPICAF77JkFBExk/pdiFYq1d04Qzddd/IiujSlLg=="],

    "@aws-sdk/credential-provider-http": ["@aws-sdk/credential-provider-http@3.883.0", "", { "dependencies": { "@aws-sdk/core": "3.883.0", "@aws-sdk/types": "3.862.0", "@smithy/fetch-http-handler": "^5.1.1", "@smithy/node-http-handler": "^4.1.1", "@smithy/property-provider": "^4.0.5", "@smithy/protocol-http": "^5.1.3", "@smithy/smithy-client": "^4.5.2", "@smithy/types": "^4.3.2", "@smithy/util-stream": "^4.2.4", "tslib": "^2.6.2" } }, "sha512-P589ug1lMOOEYLTaQJjSP+Gee34za8Kk2LfteNQfO9SpByHFgGj++Sg8VyIe30eZL8Q+i4qTt24WDCz1c+dgYg=="],

    "@aws-sdk/credential-provider-ini": ["@aws-sdk/credential-provider-ini@3.883.0", "", { "dependencies": { "@aws-sdk/core": "3.883.0", "@aws-sdk/credential-provider-env": "3.883.0", "@aws-sdk/credential-provider-http": "3.883.0", "@aws-sdk/credential-provider-process": "3.883.0", "@aws-sdk/credential-provider-sso": "3.883.0", "@aws-sdk/credential-provider-web-identity": "3.883.0", "@aws-sdk/nested-clients": "3.883.0", "@aws-sdk/types": "3.862.0", "@smithy/credential-provider-imds": "^4.0.7", "@smithy/property-provider": "^4.0.5", "@smithy/shared-ini-file-loader": "^4.0.5", "@smithy/types": "^4.3.2", "tslib": "^2.6.2" } }, "sha512-n6z9HTzuDEdugXvPiE/95VJXbF4/gBffdV/SRHDJKtDHaRuvp/gggbfmfVSTFouGVnlKPb2pQWQsW3Nr/Y3Lrw=="],

    "@aws-sdk/credential-provider-node": ["@aws-sdk/credential-provider-node@3.883.0", "", { "dependencies": { "@aws-sdk/credential-provider-env": "3.883.0", "@aws-sdk/credential-provider-http": "3.883.0", "@aws-sdk/credential-provider-ini": "3.883.0", "@aws-sdk/credential-provider-process": "3.883.0", "@aws-sdk/credential-provider-sso": "3.883.0", "@aws-sdk/credential-provider-web-identity": "3.883.0", "@aws-sdk/types": "3.862.0", "@smithy/credential-provider-imds": "^4.0.7", "@smithy/property-provider": "^4.0.5", "@smithy/shared-ini-file-loader": "^4.0.5", "@smithy/types": "^4.3.2", "tslib": "^2.6.2" } }, "sha512-QIUhsatsrwfB9ZsKpmi0EySSfexVP61wgN7hr493DOileh2QsKW4XATEfsWNmx0dj9323Vg1Mix7bXtRfl9cGg=="],

    "@aws-sdk/credential-provider-process": ["@aws-sdk/credential-provider-process@3.883.0", "", { "dependencies": { "@aws-sdk/core": "3.883.0", "@aws-sdk/types": "3.862.0", "@smithy/property-provider": "^4.0.5", "@smithy/shared-ini-file-loader": "^4.0.5", "@smithy/types": "^4.3.2", "tslib": "^2.6.2" } }, "sha512-m1shbHY/Vppy4EdddG9r8x64TO/9FsCjokp5HbKcZvVoTOTgUJrdT8q2TAQJ89+zYIJDqsKbqfrmfwJ1zOdnGQ=="],

    "@aws-sdk/credential-provider-sso": ["@aws-sdk/credential-provider-sso@3.883.0", "", { "dependencies": { "@aws-sdk/client-sso": "3.883.0", "@aws-sdk/core": "3.883.0", "@aws-sdk/token-providers": "3.883.0", "@aws-sdk/types": "3.862.0", "@smithy/property-provider": "^4.0.5", "@smithy/shared-ini-file-loader": "^4.0.5", "@smithy/types": "^4.3.2", "tslib": "^2.6.2" } }, "sha512-37ve9Tult08HLXrJFHJM/sGB/vO7wzI6v1RUUfeTiShqx8ZQ5fTzCTNY/duO96jCtCexmFNSycpQzh7lDIf0aA=="],

    "@aws-sdk/credential-provider-web-identity": ["@aws-sdk/credential-provider-web-identity@3.883.0", "", { "dependencies": { "@aws-sdk/core": "3.883.0", "@aws-sdk/nested-clients": "3.883.0", "@aws-sdk/types": "3.862.0", "@smithy/property-provider": "^4.0.5", "@smithy/types": "^4.3.2", "tslib": "^2.6.2" } }, "sha512-SL82K9Jb0vpuTadqTO4Fpdu7SKtebZ3Yo4LZvk/U0UauVMlJj5ZTos0mFx1QSMB9/4TpqifYrSZcdnxgYg8Eqw=="],

    "@aws-sdk/middleware-host-header": ["@aws-sdk/middleware-host-header@3.873.0", "", { "dependencies": { "@aws-sdk/types": "3.862.0", "@smithy/protocol-http": "^5.1.3", "@smithy/types": "^4.3.2", "tslib": "^2.6.2" } }, "sha512-KZ/W1uruWtMOs7D5j3KquOxzCnV79KQW9MjJFZM/M0l6KI8J6V3718MXxFHsTjUE4fpdV6SeCNLV1lwGygsjJA=="],

    "@aws-sdk/middleware-logger": ["@aws-sdk/middleware-logger@3.876.0", "", { "dependencies": { "@aws-sdk/types": "3.862.0", "@smithy/types": "^4.3.2", "tslib": "^2.6.2" } }, "sha512-cpWJhOuMSyz9oV25Z/CMHCBTgafDCbv7fHR80nlRrPdPZ8ETNsahwRgltXP1QJJ8r3X/c1kwpOR7tc+RabVzNA=="],

    "@aws-sdk/middleware-recursion-detection": ["@aws-sdk/middleware-recursion-detection@3.873.0", "", { "dependencies": { "@aws-sdk/types": "3.862.0", "@smithy/protocol-http": "^5.1.3", "@smithy/types": "^4.3.2", "tslib": "^2.6.2" } }, "sha512-OtgY8EXOzRdEWR//WfPkA/fXl0+WwE8hq0y9iw2caNyKPtca85dzrrZWnPqyBK/cpImosrpR1iKMYr41XshsCg=="],

    "@aws-sdk/middleware-user-agent": ["@aws-sdk/middleware-user-agent@3.883.0", "", { "dependencies": { "@aws-sdk/core": "3.883.0", "@aws-sdk/types": "3.862.0", "@aws-sdk/util-endpoints": "3.879.0", "@smithy/core": "^3.9.2", "@smithy/protocol-http": "^5.1.3", "@smithy/types": "^4.3.2", "tslib": "^2.6.2" } }, "sha512-q58uLYnGLg7hsnWpdj7Cd1Ulsq1/PUJOHvAfgcBuiDE/+Fwh0DZxZZyjrU+Cr+dbeowIdUaOO8BEDDJ0CUenJw=="],

    "@aws-sdk/nested-clients": ["@aws-sdk/nested-clients@3.883.0", "", { "dependencies": { "@aws-crypto/sha256-browser": "5.2.0", "@aws-crypto/sha256-js": "5.2.0", "@aws-sdk/core": "3.883.0", "@aws-sdk/middleware-host-header": "3.873.0", "@aws-sdk/middleware-logger": "3.876.0", "@aws-sdk/middleware-recursion-detection": "3.873.0", "@aws-sdk/middleware-user-agent": "3.883.0", "@aws-sdk/region-config-resolver": "3.873.0", "@aws-sdk/types": "3.862.0", "@aws-sdk/util-endpoints": "3.879.0", "@aws-sdk/util-user-agent-browser": "3.873.0", "@aws-sdk/util-user-agent-node": "3.883.0", "@smithy/config-resolver": "^4.1.5", "@smithy/core": "^3.9.2", "@smithy/fetch-http-handler": "^5.1.1", "@smithy/hash-node": "^4.0.5", "@smithy/invalid-dependency": "^4.0.5", "@smithy/middleware-content-length": "^4.0.5", "@smithy/middleware-endpoint": "^4.1.21", "@smithy/middleware-retry": "^4.1.22", "@smithy/middleware-serde": "^4.0.9", "@smithy/middleware-stack": "^4.0.5", "@smithy/node-config-provider": "^4.1.4", "@smithy/node-http-handler": "^4.1.1", "@smithy/protocol-http": "^5.1.3", "@smithy/smithy-client": "^4.5.2", "@smithy/types": "^4.3.2", "@smithy/url-parser": "^4.0.5", "@smithy/util-base64": "^4.0.0", "@smithy/util-body-length-browser": "^4.0.0", "@smithy/util-body-length-node": "^4.0.0", "@smithy/util-defaults-mode-browser": "^4.0.29", "@smithy/util-defaults-mode-node": "^4.0.29", "@smithy/util-endpoints": "^3.0.7", "@smithy/util-middleware": "^4.0.5", "@smithy/util-retry": "^4.0.7", "@smithy/util-utf8": "^4.0.0", "tslib": "^2.6.2" } }, "sha512-IhzDM+v0ga53GOOrZ9jmGNr7JU5OR6h6ZK9NgB7GXaa+gsDbqfUuXRwyKDYXldrTXf1sUR3vy1okWDXA7S2ejQ=="],

    "@aws-sdk/region-config-resolver": ["@aws-sdk/region-config-resolver@3.873.0", "", { "dependencies": { "@aws-sdk/types": "3.862.0", "@smithy/node-config-provider": "^4.1.4", "@smithy/types": "^4.3.2", "@smithy/util-config-provider": "^4.0.0", "@smithy/util-middleware": "^4.0.5", "tslib": "^2.6.2" } }, "sha512-q9sPoef+BBG6PJnc4x60vK/bfVwvRWsPgcoQyIra057S/QGjq5VkjvNk6H8xedf6vnKlXNBwq9BaANBXnldUJg=="],

    "@aws-sdk/token-providers": ["@aws-sdk/token-providers@3.883.0", "", { "dependencies": { "@aws-sdk/core": "3.883.0", "@aws-sdk/nested-clients": "3.883.0", "@aws-sdk/types": "3.862.0", "@smithy/property-provider": "^4.0.5", "@smithy/shared-ini-file-loader": "^4.0.5", "@smithy/types": "^4.3.2", "tslib": "^2.6.2" } }, "sha512-tcj/Z5paGn9esxhmmkEW7gt39uNoIRbXG1UwJrfKu4zcTr89h86PDiIE2nxUO3CMQf1KgncPpr5WouPGzkh/QQ=="],

    "@aws-sdk/types": ["@aws-sdk/types@3.862.0", "", { "dependencies": { "@smithy/types": "^4.3.2", "tslib": "^2.6.2" } }, "sha512-Bei+RL0cDxxV+lW2UezLbCYYNeJm6Nzee0TpW0FfyTRBhH9C1XQh4+x+IClriXvgBnRquTMMYsmJfvx8iyLKrg=="],

    "@aws-sdk/util-endpoints": ["@aws-sdk/util-endpoints@3.879.0", "", { "dependencies": { "@aws-sdk/types": "3.862.0", "@smithy/types": "^4.3.2", "@smithy/url-parser": "^4.0.5", "@smithy/util-endpoints": "^3.0.7", "tslib": "^2.6.2" } }, "sha512-aVAJwGecYoEmbEFju3127TyJDF9qJsKDUUTRMDuS8tGn+QiWQFnfInmbt+el9GU1gEJupNTXV+E3e74y51fb7A=="],

    "@aws-sdk/util-locate-window": ["@aws-sdk/util-locate-window@3.965.8", "", { "dependencies": { "tslib": "^2.6.2" } }, "sha512-uUbMs1cBZPafD0ohUj6EwNf0fPZ534NvBxHox4hjX+0Rxq5paSYUem7+hi833pYrzrcnBATKIYpR02MDXT5M9g=="],

    "@aws-sdk/util-user-agent-browser": ["@aws-sdk/util-user-agent-browser@3.873.0", "", { "dependencies": { "@aws-sdk/types": "3.862.0", "@smithy/types": "^4.3.2", "bowser": "^2.11.0", "tslib": "^2.6.2" } }, "sha512-AcRdbK6o19yehEcywI43blIBhOCSo6UgyWcuOJX5CFF8k39xm1ILCjQlRRjchLAxWrm0lU0Q7XV90RiMMFMZtA=="],

    "@aws-sdk/util-user-agent-node": ["@aws-sdk/util-user-agent-node@3.883.0", "", { "dependencies": { "@aws-sdk/middleware-user-agent": "3.883.0", "@aws-sdk/types": "3.862.0", "@smithy/node-config-provider": "^4.1.4", "@smithy/types": "^4.3.2", "tslib": "^2.6.2" }, "peerDependencies": { "aws-crt": ">=1.0.0" }, "optionalPeers": ["aws-crt"] }, "sha512-28cQZqC+wsKUHGpTBr+afoIdjS6IoEJkMqcZsmo2Ag8LzmTa6BUWQenFYB0/9BmDy4PZFPUn+uX+rJgWKB+jzA=="],

    "@aws-sdk/xml-builder": ["@aws-sdk/xml-builder@3.873.0", "", { "dependencies": { "@smithy/types": "^4.3.2", "tslib": "^2.6.2" } }, "sha512-kLO7k7cGJ6KaHiExSJWojZurF7SnGMDHXRuQunFnEoD0n1yB6Lqy/S/zHiQ7oJnBhPr9q0TW9qFkrsZb1Uc54w=="],

    "@smithy/config-resolver": ["@smithy/config-resolver@4.6.16", "", { "dependencies": { "@smithy/core": "^3.31.1", "tslib": "^2.6.2" } }, "sha512-XMDfb7LTrlUeI9PpfMa6xzRv+yMtYFsr1LqTsR3CGpSSaaPIR5ldlAiXyLjFYmbh1/DD5NxHmDybdh6lJjJM+Q=="],

    "@smithy/core": ["@smithy/core@3.31.1", "", { "dependencies": { "@smithy/types": "^4.16.1", "tslib": "^2.6.2" } }, "sha512-CyogUINxvi7C7LDsh8Syo6hVJOT9ckz4rG8dRZfTJ8r91HkMY59PnNooaj7WcHyxEkxPfBAmbgztZU+xTo76lg=="],

    "@smithy/credential-provider-imds": ["@smithy/credential-provider-imds@4.4.16", "", { "dependencies": { "@smithy/core": "^3.31.1", "@smithy/types": "^4.16.1", "tslib": "^2.6.2" } }, "sha512-QfuLWAkLzptffFW980AFeHZFdqds2B64rpEd3uJ6lgs3xVn9QegGMUgUcj+4d7dRrAsya3r58ZKpku97WcFb4w=="],

    "@smithy/fetch-http-handler": ["@smithy/fetch-http-handler@5.6.13", "", { "dependencies": { "@smithy/core": "^3.31.1", "@smithy/types": "^4.16.1", "tslib": "^2.6.2" } }, "sha512-4fW86pEUOMbrD5nkbyl/tTvPHHWJFbuB2odl6ps9lWfHoXf9HWh3Q/Smh59qH1g7+c/BSZghX6bbUk4gsiMs8A=="],

    "@smithy/hash-node": ["@smithy/hash-node@4.4.16", "", { "dependencies": { "@smithy/core": "^3.31.1", "tslib": "^2.6.2" } }, "sha512-9NJHd8scrdVORvnaMHIHgPipGxLiTK3FMNUfWl0tHn2fwJIEk4rZ3OM793yIWV8L+WKu+AWQZBcVyd5qrVXy+A=="],

    "@smithy/invalid-dependency": ["@smithy/invalid-dependency@4.4.16", "", { "dependencies": { "@smithy/core": "^3.31.1", "tslib": "^2.6.2" } }, "sha512-fEXR2jKLnu1U9sL/Obdkxs8f3M1pLSDjM30cMmpz2L61oGnlUdx1Z9Wj+9+mID7kKldEVOUQfuXqHrK4RP90FA=="],

    "@smithy/is-array-buffer": ["@smithy/is-array-buffer@2.2.0", "", { "dependencies": { "tslib": "^2.6.2" } }, "sha512-GGP3O9QFD24uGeAXYUjwSTXARoqpZykHadOmA8G5vfJPK0/DC67qa//0qvqrJzL1xc8WQWX7/yc7fwudjPHPhA=="],

    "@smithy/middleware-content-length": ["@smithy/middleware-content-length@4.4.16", "", { "dependencies": { "@smithy/core": "^3.31.1", "tslib": "^2.6.2" } }, "sha512-Q+J8iTUHr5qtoejFJCb9TTavDh7xQFVFRjy1n1edq5BFJq5b4mfziqrEqJlAscHHVdsqyFTNJXcV+b9i3oad9w=="],

    "@smithy/middleware-endpoint": ["@smithy/middleware-endpoint@4.6.16", "", { "dependencies": { "@smithy/core": "^3.31.1", "tslib": "^2.6.2" } }, "sha512-nU2N3LY6Vn46rwga1+gZQJ1Zsu+3/Qj2X+d5gKb8gSvLmojZd0sg9XWYqMDH59VeadVKOGOhMrhyzUo7ln4lGw=="],

    "@smithy/middleware-retry": ["@smithy/middleware-retry@4.7.16", "", { "dependencies": { "@smithy/core": "^3.31.1", "tslib": "^2.6.2" } }, "sha512-JOVvyFbNiXUuT8Id+uNIEzbkqi8IOa6zqEQgzpoQ1xYIQQFTFL/mXIiBRLlA129aoBB1EeiElkhmLZyok5axYA=="],

    "@smithy/middleware-serde": ["@smithy/middleware-serde@4.4.16", "", { "dependencies": { "@smithy/core": "^3.31.1", "tslib": "^2.6.2" } }, "sha512-nwYV4tBUU5kBOYec2p8vKz5pzMVWVEcalVY4ZXguUdZZEOm9LQZhT0pKsnYSQhldvWegaFKWAR45Mi4XUfv5cQ=="],

    "@smithy/middleware-stack": ["@smithy/middleware-stack@4.4.16", "", { "dependencies": { "@smithy/core": "^3.31.1", "tslib": "^2.6.2" } }, "sha512-IivXdOXykxp8Eq+qDL91mxEVd9CoR7wEIJqhJiwbHnmJVX6SZm2hxZt6uSDQOEh5tYHQdj6WuqmpNhV7P8C1Ww=="],

    "@smithy/node-config-provider": ["@smithy/node-config-provider@4.5.16", "", { "dependencies": { "@smithy/core": "^3.31.1", "tslib": "^2.6.2" } }, "sha512-N4XTMCO77u8jXq9Ms1pbFM3M9zD+ScKnvB+M7//VyawM8L6xW3/mqAPp/uMOYprW+q/b1Qen6qUKVwxTb2ymiQ=="],

    "@smithy/node-http-handler": ["@smithy/node-http-handler@4.9.13", "", { "dependencies": { "@smithy/core": "^3.31.1", "@smithy/types": "^4.16.1", "tslib": "^2.6.2" } }, "sha512-Nmd/Nl35zfYrd+a6OO2cDJb3GPh9bgTjIUhcM+JFfjpp8/osCgboDV5nCT1I01Pv6R13eSKDKLSoVa5ZB6Zsfw=="],

    "@smithy/property-provider": ["@smithy/property-provider@4.4.16", "", { "dependencies": { "@smithy/core": "^3.31.1", "tslib": "^2.6.2" } }, "sha512-xsj0qoE3ya7Fu3YoyKPINtGWsY33IO2ypcOJpLAGMbzGYTNr0wqK0HnCroHRIoJTsHapnsFABUhzlNfHo/diwg=="],

    "@smithy/protocol-http": ["@smithy/protocol-http@5.5.16", "", { "dependencies": { "@smithy/core": "^3.31.1", "tslib": "^2.6.2" } }, "sha512-iPaxIe9mTyidyhM6WF2/gSLPezyCwSlZcqlDBj2KCoSS994iw4yf1se1xmZkWsY98ZpwjDR/ZMubOSVx+Nrokw=="],

    "@smithy/shared-ini-file-loader": ["@smithy/shared-ini-file-loader@4.6.16", "", { "dependencies": { "@smithy/core": "^3.31.1", "tslib": "^2.6.2" } }, "sha512-apuIuit7x6ZM0nJxuKf24MCkflwnSyD6wePOPGkhntEl0gLaIYLlZTQtzCB+j3kWOTpqx0D1o6JZ15NTk4f8xQ=="],

    "@smithy/signature-v4": ["@smithy/signature-v4@5.6.12", "", { "dependencies": { "@smithy/core": "^3.31.1", "@smithy/types": "^4.16.1", "tslib": "^2.6.2" } }, "sha512-I6KLtq3H0qqSuV9vLglfi8puHqzygzWHOnI4z/Rdoo+q50vvo18vBRdPAvvEtcaKROz7Zn6qnPa14kRfPH6PcQ=="],

    "@smithy/smithy-client": ["@smithy/smithy-client@4.14.16", "", { "dependencies": { "@smithy/core": "^3.31.1", "@smithy/types": "^4.16.1", "tslib": "^2.6.2" } }, "sha512-UzWzH88hntrIn1wMPlmt/6vmQL+FS+pYgqvBsp4QQdgt/DUFZZD0S0xRO7kCfAfz9fqn9boVb+buFWU4LD9PJg=="],

    "@smithy/types": ["@smithy/types@4.16.1", "", { "dependencies": { "tslib": "^2.6.2" } }, "sha512-0JFs3V2y2M9tKW5na/qxe69Zv+uxLMO7QBbhxF/FHu/Gp2NFZAAL9tWl9PU02xxo07pb3G9FTyjNc6D5uZrJIg=="],

    "@smithy/url-parser": ["@smithy/url-parser@4.4.16", "", { "dependencies": { "@smithy/core": "^3.31.1", "tslib": "^2.6.2" } }, "sha512-0VynNn3o4qSpRbgtG6RbT09wsN2HjsIkBvxHUX99p0t3sFj7hvqsOtPQBubawSNH4PWfwXgkD82vG166ROta7w=="],

    "@smithy/util-base64": ["@smithy/util-base64@4.5.16", "", { "dependencies": { "@smithy/core": "^3.31.1", "tslib": "^2.6.2" } }, "sha512-80e25qWKD6hJh5BenAutni2Z6dj2AiZKmht21pcROmzWzQja8yl+KqsuDSia++hwk1Ne6RrDEBwP6I+A4R0XAg=="],

    "@smithy/util-body-length-browser": ["@smithy/util-body-length-browser@4.4.16", "", { "dependencies": { "@smithy/core": "^3.31.1", "tslib": "^2.6.2" } }, "sha512-gTqO1MkKFsaKgJoGelxgWBdUlHqc9g1z6ItBVFsQU1yTO4W6BEIq/NZIDf/UTi6ueojTr2fJRetusBIbctA6KQ=="],

    "@smithy/util-body-length-node": ["@smithy/util-body-length-node@4.4.16", "", { "dependencies": { "@smithy/core": "^3.31.1", "tslib": "^2.6.2" } }, "sha512-BTwIXGhunFzjNYpKrRJJjgfEONT8m/wyBB0IL4BWB9WqJSQa/CEMh2cPHqbqMpKwnAljPuhhbGwF2Z0qm2C04A=="],

    "@smithy/util-buffer-from": ["@smithy/util-buffer-from@2.2.0", "", { "dependencies": { "@smithy/is-array-buffer": "^2.2.0", "tslib": "^2.6.2" } }, "sha512-IJdWBbTcMQ6DA0gdNhh/BwrLkDR+ADW5Kr1aZmd4k3DIF6ezMV4R2NIAmT08wQJ3yUK82thHWmC/TnK/wpMMIA=="],

    "@smithy/util-config-provider": ["@smithy/util-config-provider@4.4.16", "", { "dependencies": { "@smithy/core": "^3.31.1", "tslib": "^2.6.2" } }, "sha512-GB3CQ1o09Dc3aUOswcy3q3xbe5ib5tNyIDmvn8i8Nno01gogbqn1BNIHGawSHApEFVtL1OqjkoiQ9lMXpgY5ig=="],

    "@smithy/util-defaults-mode-browser": ["@smithy/util-defaults-mode-browser@4.5.16", "", { "dependencies": { "@smithy/core": "^3.31.1", "tslib": "^2.6.2" } }, "sha512-en8XtoFeELWwI0pwpmUbf63bJ9WRusVozGQ59mE9YuUuW+Q/FFRfdbd/EZIf/p1oZXHerbj30ITuer7vE47TbQ=="],

    "@smithy/util-defaults-mode-node": ["@smithy/util-defaults-mode-node@4.4.16", "", { "dependencies": { "@smithy/core": "^3.31.1", "tslib": "^2.6.2" } }, "sha512-MAN0jEah3skK3+94QiikeLbuhnZ9GuW+JCjuIUpXGUvJG2U4N8sscypWDMUJUkKc6DYJ0UaGI5Xvb17crXwyiw=="],

    "@smithy/util-endpoints": ["@smithy/util-endpoints@3.6.16", "", { "dependencies": { "@smithy/core": "^3.31.1", "tslib": "^2.6.2" } }, "sha512-7dFFv+DA2Ln8s60s+JIRHHfl/Fch8HZ3FY9VjnM6I3EtigDP+bUUexNQZuexVYJXUejpQ48/JIHSiSmugFDD/A=="],

    "@smithy/util-middleware": ["@smithy/util-middleware@4.4.16", "", { "dependencies": { "@smithy/core": "^3.31.1", "tslib": "^2.6.2" } }, "sha512-VuChjNaV9VteddlugHsGqFXgjQK8WIt9JxYAtdsi1i8A1PwrVAVC6DVVRqr9XbGeWnHvvWb0ywWLMjYUZwiHYg=="],

    "@smithy/util-retry": ["@smithy/util-retry@4.5.16", "", { "dependencies": { "@smithy/core": "^3.31.1", "tslib": "^2.6.2" } }, "sha512-oM/8/5H9aG1omF2CzDxE7oxiJQhkonS2Vz1Kd6/76IhvPzCoroA3RVhr0EhAhZmyY6th3WfLK0OpRrphJ3YbgQ=="],

    "@smithy/util-stream": ["@smithy/util-stream@4.7.16", "", { "dependencies": { "@smithy/core": "^3.31.1", "tslib": "^2.6.2" } }, "sha512-r/r4fqkU5fkJQaGpTrVssAHuPIwDSHrwz1KQ3rb1riYkL71OsYciHun1i0PWrJLLt+nPvroHXcaz39RdNW3XBw=="],

    "@smithy/util-utf8": ["@smithy/util-utf8@4.4.16", "", { "dependencies": { "@smithy/core": "^3.31.1", "tslib": "^2.6.2" } }, "sha512-/gSbVMQlLRcneJ8D/JGbB1DNf0w4I7OpY2ldNUJ+myDmakPXEm9fy/X4swDlNYTOwBwsCKVJsogCfe7Txjnolg=="],

    "@types/bun": ["@types/bun@1.2.23", "", { "dependencies": { "bun-types": "1.2.23" } }, "sha512-le8ueOY5b6VKYf19xT3McVbXqLqmxzPXHsQT/q9JHgikJ2X22wyTW3g3ohz2ZMnp7dod6aduIiq8A14Xyimm0A=="],

    "@types/node": ["@types/node@26.2.0", "", { "dependencies": { "undici-types": "~8.3.0" } }, "sha512-5IviulTZeRNp2vAJ514cc/HUlY5nZ9fCbq9DMyC52BrhFZACo3nI0R7qBxhQmo/d27NFe96ur/b7Wwxklda+kg=="],

    "@types/react": ["@types/react@19.2.18", "", { "dependencies": { "csstype": "^3.2.2" } }, "sha512-AnzbBERsrLKtk2XSfTbYRLjQPdy116Sty4q+T+Bp3IC4l6jNBvreVPAHmpq9qhXQM7CXZPjLVmGMw9sy+hxQ3w=="],

    "@types/uuid": ["@types/uuid@9.0.8", "", {}, "sha512-jg+97EGIcY9AGHJJRaaPVgetKDsrTgbRjQ5Msgjh/DQKEFl0DtyRr/VCOyD1T2R1MNeWPK/u7JoGhlDZnKBAfA=="],

    "anynum": ["anynum@1.0.1", "", {}, "sha512-N6//FLET/tXYNM/F6ABca1oH6fWB+KlTt909Le28WMDBk8oaT4vY17DCrwg2MvmuqUKt3Ni4N5dGJ/EoBgcO6A=="],

    "bowser": ["bowser@2.14.1", "", {}, "sha512-tzPjzCxygAKWFOJP011oxFHs57HzIhOEracIgAePE4pqB3LikALKnSzUyU4MGs9/iCEUuHlAJTjTc5M+u7YEGg=="],

    "bun-types": ["bun-types@1.2.23", "", { "dependencies": { "@types/node": "*" }, "peerDependencies": { "@types/react": "^19" } }, "sha512-R9f0hKAZXgFU3mlrA0YpE/fiDvwV0FT9rORApt2aQVWSuJDzZOyB5QLc0N/4HF57CS8IXJ6+L5E4W1bW6NS2Aw=="],

    "csstype": ["csstype@3.2.3", "", {}, "sha512-z1HGKcYy2xA8AGQfwrn0PAy+PB7X/GSj3UVJW9qKyn43xWa+gl5nXmU4qqLMRzWVLFC8KusUX8T/0kCiOYpAIQ=="],

    "fast-xml-parser": ["fast-xml-parser@5.2.5", "", { "dependencies": { "strnum": "^2.1.0" }, "bin": { "fxparser": "src/cli/cli.js" } }, "sha512-pfX9uG9Ki0yekDHx2SiuRIyFdyAr1kMIMitPvb0YBo8SUfKvia7w7FIyd/l6av85pFYRhZscS75MwMnbvY+hcQ=="],

    "prettier": ["prettier@3.6.2", "", { "bin": { "prettier": "bin/prettier.cjs" } }, "sha512-I7AIg5boAr5R0FFtJ6rCfD+LFsWHp81dolrFD8S79U9tb8Az2nGrJncnMSnys+bpQJfRUzqs9hnA81OAA3hCuQ=="],

    "strnum": ["strnum@2.4.1", "", { "dependencies": { "anynum": "^1.0.1" } }, "sha512-M9eUSMT2dCB2cTNPG7UYj6KuK7RJR2SN2+yCV/fTW3xzTCS6EaGZ5pSMgDIjB7r8zSfTGk+dvvn9rTjpVS9Mwg=="],

    "tslib": ["tslib@2.8.1", "", {}, "sha512-oJFu94HQb+KVduSUQL7wnpmqnfmLsOA/nAh6b6EH0wCEoK0/mPeXU6c3wKDV83MkOuHPRHtSXKKU99IBazS/2w=="],

    "typescript": ["typescript@5.9.2", "", { "bin": { "tsc": "bin/tsc", "tsserver": "bin/tsserver" } }, "sha512-CWBzXQrc/qOkhidw1OzBTQuYRbfyxDXJMVJ1XNwUHGROVmuaeiEm3OslpZ1RV96d7SKKjZKrSJu3+t/xlw3R9A=="],

    "undici-types": ["undici-types@8.3.0", "", {}, "sha512-j375ScV60dom+YkPFIfTLcOiPxkN/buHz5GobjLhixFuANaNs3C9l4GmrWqejgXWJ7BbJcFYpTEUkS1Ge8bpZQ=="],

    "uuid": ["uuid@9.0.1", "", { "bin": { "uuid": "dist/bin/uuid" } }, "sha512-b+1eJOlsR9K8HJpow9Ok3fiWOWSIcIzXodvv0rQjVoOVNpWMpxf1wZNpt4y9h10odCNrqnYp1OBzRktckBe3sA=="],

    "@aws-crypto/sha256-browser/@smithy/util-utf8": ["@smithy/util-utf8@2.3.0", "", { "dependencies": { "@smithy/util-buffer-from": "^2.2.0", "tslib": "^2.6.2" } }, "sha512-R8Rdn8Hy72KKcebgLiv8jQcQkXoLMOGGv5uI1/k0l+snqkOzQ1R0ChUBCxWMlBsFMekWjq0wRudIweFs7sKT5A=="],

    "@aws-crypto/util/@smithy/util-utf8": ["@smithy/util-utf8@2.3.0", "", { "dependencies": { "@smithy/util-buffer-from": "^2.2.0", "tslib": "^2.6.2" } }, "sha512-R8Rdn8Hy72KKcebgLiv8jQcQkXoLMOGGv5uI1/k0l+snqkOzQ1R0ChUBCxWMlBsFMekWjq0wRudIweFs7sKT5A=="],
  }
}
